<?xml version="1.0" encoding="utf-8"?>
<Project ToolsVersion="4.0" xmlns="http://schemas.microsoft.com/developer/msbuild/2003">
  <ItemGroup>
    <Filter Include="win32">
      <UniqueIdentifier>{84a8ebd7-7cf0-47f6-b75e-d441df67da40}</UniqueIdentifier>
    </Filter>
    <Filter Include="resource">
      <UniqueIdentifier>{715254bc-d70b-4ec5-bf29-467dd3ace079}</UniqueIdentifier>
    </Filter>
    <Filter Include="src">
      <UniqueIdentifier>{bb6c862e-70e9-49d9-81b7-3829a6f50471}</UniqueIdentifier>
    </Filter>
    <Filter Include="场景类">
      <UniqueIdentifier>{2deb1e2d-f693-4e0d-bf4c-ca72e25b04c5}</UniqueIdentifier>
    </Filter>
    <Filter Include="怪物类">
      <UniqueIdentifier>{c5b162da-6e58-4b52-965d-4dc09d1b8d2c}</UniqueIdentifier>
    </Filter>
    <Filter Include="实体类">
      <UniqueIdentifier>{1ae2e74a-bbab-4945-8132-f6a0693f1f09}</UniqueIdentifier>
    </Filter>
    <Filter Include="武器类">
      <UniqueIdentifier>{3c15e6d8-f7d8-4bd9-93f3-031fdb925045}</UniqueIdentifier>
    </Filter>
    <Filter Include="武器类\子弹">
      <UniqueIdentifier>{8cf4b0a0-1de9-478c-8ac7-820988149205}</UniqueIdentifier>
    </Filter>
    <Filter Include="怪物类\史莱姆">
      <UniqueIdentifier>{8cdc0d7a-af77-4178-806a-d2ae76a7bc78}</UniqueIdentifier>
    </Filter>
    <Filter Include="怪物类\怪物管理器">
      <UniqueIdentifier>{662c25eb-5e82-43b7-80a8-e4ca98bf1ef3}</UniqueIdentifier>
    </Filter>
    <Filter Include="怪物类\猪">
      <UniqueIdentifier>{8406c679-a45d-4a7a-a4a3-ea846ee0b2e6}</UniqueIdentifier>
    </Filter>
    <Filter Include="动画配置">
      <UniqueIdentifier>{432f570e-0b3a-4d84-837b-8a502306b8a9}</UniqueIdentifier>
    </Filter>
    <Filter Include="Controller">
      <UniqueIdentifier>{31f41ba7-e76d-438b-a6ef-cd3c51bfaaf9}</UniqueIdentifier>
    </Filter>
    <Filter Include="Controller\玩家控制器">
      <UniqueIdentifier>{03c02636-e58c-4356-8e81-8acf18fd7d12}</UniqueIdentifier>
    </Filter>
    <Filter Include="玩家类">
      <UniqueIdentifier>{a00a22c9-8387-4f6e-a0af-52c749815b07}</UniqueIdentifier>
    </Filter>
    <Filter Include="玩家类\Ranger">
      <UniqueIdentifier>{47856069-7390-422d-926e-65e1dfc8c022}</UniqueIdentifier>
    </Filter>
    <Filter Include="实体类\掉蓝">
      <UniqueIdentifier>{0651b2dd-f00a-4275-8701-e23edb1035b4}</UniqueIdentifier>
    </Filter>
    <Filter Include="实体类\硬币">
      <UniqueIdentifier>{bda14d6a-cc31-4b02-982d-9c1a90595aa7}</UniqueIdentifier>
    </Filter>
    <Filter Include="怪物类\部落酋长">
      <UniqueIdentifier>{fcbee661-1ac4-4e33-b278-2b62855cf2b1}</UniqueIdentifier>
    </Filter>
    <Filter Include="怪物类\可达鸭">
      <UniqueIdentifier>{2183cc27-0c9f-42d9-b5d8-364d6e9e8c88}</UniqueIdentifier>
    </Filter>
    <Filter Include="血条">
      <UniqueIdentifier>{0df724c1-5371-44f6-b5a2-80b21d9c8fba}</UniqueIdentifier>
    </Filter>
  </ItemGroup>
  <ItemGroup>
    <ClCompile Include="..\..\Classes\Entity\Weapons\LongRange.cpp">
      <Filter>武器类</Filter>
    </ClCompile>
    <ClCompile Include="..\..\Classes\Entity\Weapons\CandyGun.cpp">
      <Filter>武器类</Filter>
    </ClCompile>
    <ClCompile Include="..\..\Classes\Entity\Weapons\Weapon.cpp">
      <Filter>武器类</Filter>
    </ClCompile>
    <ClCompile Include="..\..\Classes\Entity\Weapons\Bullets\Bullet.cpp">
      <Filter>武器类\子弹</Filter>
    </ClCompile>
    <ClCompile Include="..\..\Classes\Entity\Entity.cpp">
      <Filter>实体类</Filter>
    </ClCompile>
    <ClCompile Include="..\..\Classes\AppDelegate.cpp" />
    <ClCompile Include="main.cpp" />
    <ClCompile Include="..\..\Classes\Monster\Monster.cpp">
      <Filter>怪物类</Filter>
    </ClCompile>
    <ClCompile Include="..\..\Classes\Monster\MonsterManager.cpp">
      <Filter>怪物类\怪物管理器</Filter>
    </ClCompile>
    <ClCompile Include="..\..\Classes\Monster\Slime.cpp">
      <Filter>怪物类\史莱姆</Filter>
    </ClCompile>
    <ClCompile Include="..\..\Classes\Entity\Coin\Coin.cpp">
      <Filter>实体类\硬币</Filter>
    </ClCompile>
    <ClCompile Include="..\..\Classes\Entity\Weapons\Shotgun.cpp">
      <Filter>武器类</Filter>
    </ClCompile>
    <ClCompile Include="..\..\Classes\Entity\Weapons\CloseWeapon.cpp">
      <Filter>武器类</Filter>
    </ClCompile>
    <ClCompile Include="..\..\Classes\Entity\Weapons\GoldenSword.cpp">
      <Filter>武器类</Filter>
    </ClCompile>
    <ClCompile Include="..\..\Classes\Entity\Weapons\MonsterGun.cpp">
      <Filter>武器类</Filter>
    </ClCompile>
    <ClCompile Include="..\..\Classes\Entity\Weapons\RPG.cpp">
      <Filter>武器类</Filter>
    </ClCompile>
    <ClCompile Include="..\..\Classes\Entity\Weapons\Bullets\ExplosiveBullet.cpp">
      <Filter>武器类\子弹</Filter>
    </ClCompile>
    <ClCompile Include="..\..\Classes\Monster\Pig.cpp">
      <Filter>怪物类\猪</Filter>
    </ClCompile>
    <ClCompile Include="..\..\Classes\Entity\Weapons\MonsterSword.cpp">
      <Filter>武器类</Filter>
    </ClCompile>
    <ClCompile Include="..\..\Classes\Scene\PauseScene.cpp">
      <Filter>场景类</Filter>
    </ClCompile>
    <ClCompile Include="..\..\Classes\Scene\RandomMap.cpp">
      <Filter>场景类</Filter>
    </ClCompile>
    <ClCompile Include="..\..\Classes\Scene\AdventureMapScene.cpp">
      <Filter>场景类</Filter>
    </ClCompile>
    <ClCompile Include="..\..\Classes\AuxiliaryClass\AnimationUtil\AnimationUtil.cpp">
      <Filter>动画配置</Filter>
    </ClCompile>
    <ClCompile Include="..\..\Classes\Controller\MyController.cpp">
      <Filter>Controller</Filter>
    </ClCompile>
    <ClCompile Include="..\..\Classes\Controller\Move\PlayerController.cpp">
      <Filter>Controller\玩家控制器</Filter>
    </ClCompile>
    <ClCompile Include="..\..\Classes\Entity\Item\Item.cpp">
      <Filter>玩家类</Filter>
    </ClCompile>
    <ClCompile Include="..\..\Classes\Entity\Item\Player\Player.cpp">
      <Filter>玩家类</Filter>
    </ClCompile>
    <ClCompile Include="..\..\Classes\Entity\Item\Player\Ranger\Ranger.cpp">
      <Filter>玩家类\Ranger</Filter>
    </ClCompile>
    <ClCompile Include="..\..\Classes\Scene\SafeMapScene.cpp">
      <Filter>场景类</Filter>
    </ClCompile>
    <ClCompile Include="..\..\Classes\Scene\SettingScene.cpp">
      <Filter>场景类</Filter>
    </ClCompile>
    <ClCompile Include="..\..\Classes\Scene\HomeScene.cpp">
      <Filter>场景类</Filter>
    </ClCompile>
    <ClCompile Include="..\..\Classes\Scene\TollgateScene.cpp">
      <Filter>场景类</Filter>
    </ClCompile>
    <ClCompile Include="..\..\Classes\Entity\Blue\Blue.cpp">
      <Filter>实体类\掉蓝</Filter>
    </ClCompile>
    <ClCompile Include="..\..\Classes\Monster\ChiefOfTribe.cpp">
      <Filter>怪物类\部落酋长</Filter>
    </ClCompile>
    <ClCompile Include="..\..\Classes\Monster\Duck.cpp">
      <Filter>怪物类\可达鸭</Filter>
    </ClCompile>
    <ClCompile Include="..\..\Classes\FlowWord\FlowWord.cpp">
      <Filter>血条</Filter>
    </ClCompile>
  </ItemGroup>
  <ItemGroup>
    <ClInclude Include="..\..\Classes\Entity\Weapons\LongRange.h">
      <Filter>武器类</Filter>
    </ClInclude>
    <ClInclude Include="..\..\Classes\Entity\Weapons\Weapon.h">
      <Filter>武器类</Filter>
    </ClInclude>
    <ClInclude Include="..\..\Classes\Entity\Weapons\CandyGun.h">
      <Filter>武器类</Filter>
    </ClInclude>
    <ClInclude Include="..\..\Classes\Entity\Weapons\Bullets\Bullet.h">
      <Filter>武器类\子弹</Filter>
    </ClInclude>
    <ClInclude Include="..\..\Classes\Entity\Entity.h">
      <Filter>实体类</Filter>
    </ClInclude>
    <ClInclude Include="..\..\Classes\AppDelegate.h" />
    <ClInclude Include="main.h" />
    <ClInclude Include="..\..\Classes\Monster\Monster.h">
      <Filter>怪物类</Filter>
    </ClInclude>
    <ClInclude Include="..\..\Classes\Monster\MonsterManager.h">
      <Filter>怪物类\怪物管理器</Filter>
    </ClInclude>
    <ClInclude Include="..\..\Classes\Monster\Slime.h">
      <Filter>怪物类\史莱姆</Filter>
    </ClInclude>
    <ClInclude Include="..\..\Classes\Entity\Coin\Coin.h">
      <Filter>实体类\硬币</Filter>
    </ClInclude>
    <ClInclude Include="..\..\Classes\Entity\Weapons\Shotgun.h">
      <Filter>武器类</Filter>
    </ClInclude>
    <ClInclude Include="..\..\Classes\Entity\Weapons\CloseWeapon.h">
      <Filter>武器类</Filter>
    </ClInclude>
    <ClInclude Include="..\..\Classes\Entity\Weapons\GoldenSword.h">
      <Filter>武器类</Filter>
    </ClInclude>
    <ClInclude Include="..\..\Classes\Entity\Weapons\MonsterGun.h">
      <Filter>武器类</Filter>
    </ClInclude>
    <ClInclude Include="..\..\Classes\Entity\Weapons\RPG.h">
      <Filter>武器类</Filter>
    </ClInclude>
    <ClInclude Include="..\..\Classes\Entity\Weapons\Bullets\ExplosiveBullet.h">
      <Filter>武器类\子弹</Filter>
    </ClInclude>
    <ClInclude Include="..\..\Classes\Monster\Pig.h">
      <Filter>怪物类\猪</Filter>
    </ClInclude>
    <ClInclude Include="..\..\Classes\Entity\Weapons\MonsterSword.h">
      <Filter>武器类</Filter>
    </ClInclude>
    <ClInclude Include="..\..\Classes\Scene\PauseScene.h">
      <Filter>场景类</Filter>
    </ClInclude>
    <ClInclude Include="..\..\Classes\Scene\AdventureMapScene.h">
      <Filter>场景类</Filter>
    </ClInclude>
    <ClInclude Include="..\..\Classes\AuxiliaryClass\AnimationUtil\AnimationUtil.h">
      <Filter>动画配置</Filter>
    </ClInclude>
    <ClInclude Include="..\..\Classes\Controller\MyController.h">
      <Filter>Controller</Filter>
    </ClInclude>
    <ClInclude Include="..\..\Classes\Controller\ControllerListener.h">
      <Filter>Controller</Filter>
    </ClInclude>
    <ClInclude Include="..\..\Classes\Controller\Move\PlayerController.h">
      <Filter>Controller\玩家控制器</Filter>
    </ClInclude>
    <ClInclude Include="..\..\Classes\Entity\Item\Item.h">
      <Filter>玩家类</Filter>
    </ClInclude>
    <ClInclude Include="..\..\Classes\Entity\Item\Player\Player.h">
      <Filter>玩家类</Filter>
    </ClInclude>
    <ClInclude Include="..\..\Classes\Entity\Item\Player\Ranger\Ranger.h">
      <Filter>玩家类\Ranger</Filter>
    </ClInclude>
    <ClInclude Include="..\..\Classes\Scene\TollgateScene.h">
      <Filter>场景类</Filter>
    </ClInclude>
    <ClInclude Include="..\..\Classes\Scene\SafeMapScene.h">
      <Filter>场景类</Filter>
    </ClInclude>
    <ClInclude Include="..\..\Classes\Scene\SettingScene.h">
      <Filter>场景类</Filter>
    </ClInclude>
    <ClInclude Include="..\..\Classes\Scene\HomeScene.h">
      <Filter>场景类</Filter>
    </ClInclude>
    <ClInclude Include="..\..\Classes\Entity\Blue\Blue.h">
      <Filter>实体类\掉蓝</Filter>
    </ClInclude>
    <ClInclude Include="..\..\Classes\Monster\ChiefOfTribe.h">
      <Filter>怪物类\部落酋长</Filter>
    </ClInclude>
    <ClInclude Include="..\..\Classes\Monster\Duck.h">
      <Filter>怪物类\可达鸭</Filter>
    </ClInclude>
    <ClInclude Include="..\..\Classes\FlowWord\FlowWord.h">
      <Filter>血条</Filter>
    </ClInclude>
  </ItemGroup>
  <ItemGroup>
    <ResourceCompile Include="game.rc">
      <Filter>resource</Filter>
    </ResourceCompile>
  </ItemGroup>
</Project>